// !$*UTF8*$!
{
	archiveVersion = 1;
	classes = {
	};
	objectVersion = 55;
	objects = {

/* Begin PBXBuildFile section */
		0EC21F4C5D33C39B97587978 /* Pods_Airbnb.framework in Frameworks */ = {isa = PBXBuildFile; fileRef = 3CC1E133B9F1D8CF1859B8D0 /* Pods_Airbnb.framework */; };
		33D6A8E53BA7E69CBCB5293A /* Pods_Airbnb_AirbnbUITests.framework in Frameworks */ = {isa = PBXBuildFile; fileRef = B8C1C869B0BC716E37E2003A /* Pods_Airbnb_AirbnbUITests.framework */; };
		982F76552844B5A800DF8523 /* ConfigProperty.plist in Resources */ = {isa = PBXBuildFile; fileRef = 982F76542844B5A800DF8523 /* ConfigProperty.plist */; };
		982F76592844BE5900DF8523 /* AccomodationDetailViewController.swift in Sources */ = {isa = PBXBuildFile; fileRef = 982F76582844BE5900DF8523 /* AccomodationDetailViewController.swift */; };
		982F765C2844C33F00DF8523 /* NetworkHandler.swift in Sources */ = {isa = PBXBuildFile; fileRef = 982F765B2844C33F00DF8523 /* NetworkHandler.swift */; };
		983A6003283F468D00DDB517 /* PositionSearchModelTest.swift in Sources */ = {isa = PBXBuildFile; fileRef = 983A6002283F468D00DDB517 /* PositionSearchModelTest.swift */; };
		983A6005283F6CF600DDB517 /* PositionSearchFactory.swift in Sources */ = {isa = PBXBuildFile; fileRef = 983A6004283F6CF600DDB517 /* PositionSearchFactory.swift */; };
		98593DFE283CC75C00B28960 /* AppDelegate.swift in Sources */ = {isa = PBXBuildFile; fileRef = 98593DFD283CC75C00B28960 /* AppDelegate.swift */; };
		98593E00283CC75C00B28960 /* SceneDelegate.swift in Sources */ = {isa = PBXBuildFile; fileRef = 98593DFF283CC75C00B28960 /* SceneDelegate.swift */; };
		98593E02283CC75C00B28960 /* HomeViewController.swift in Sources */ = {isa = PBXBuildFile; fileRef = 98593E01283CC75C00B28960 /* HomeViewController.swift */; };
		98593E07283CC75D00B28960 /* Assets.xcassets in Resources */ = {isa = PBXBuildFile; fileRef = 98593E06283CC75D00B28960 /* Assets.xcassets */; };
		98593E0A283CC75D00B28960 /* LaunchScreen.storyboard in Resources */ = {isa = PBXBuildFile; fileRef = 98593E08283CC75D00B28960 /* LaunchScreen.storyboard */; };
		98593E15283CC75D00B28960 /* AirbnbTests.swift in Sources */ = {isa = PBXBuildFile; fileRef = 98593E14283CC75D00B28960 /* AirbnbTests.swift */; };
		98593E1F283CC75D00B28960 /* AirbnbUITests.swift in Sources */ = {isa = PBXBuildFile; fileRef = 98593E1E283CC75D00B28960 /* AirbnbUITests.swift */; };
		98593E21283CC75D00B28960 /* AirbnbUITestsLaunchTests.swift in Sources */ = {isa = PBXBuildFile; fileRef = 98593E20283CC75D00B28960 /* AirbnbUITestsLaunchTests.swift */; };
		986B005A283F86C2008E3EEB /* AccomodationListViewController.swift in Sources */ = {isa = PBXBuildFile; fileRef = 986B0059283F86C2008E3EEB /* AccomodationListViewController.swift */; };
		98E0C687283DF8DA00C5BDF9 /* RoomPosition.swift in Sources */ = {isa = PBXBuildFile; fileRef = 98E0C686283DF8DA00C5BDF9 /* RoomPosition.swift */; };
		98F11303283F11B700009232 /* PositionSearchModel.swift in Sources */ = {isa = PBXBuildFile; fileRef = 98F11302283F11B700009232 /* PositionSearchModel.swift */; };
		98F11306283F27C000009232 /* Observable.swift in Sources */ = {isa = PBXBuildFile; fileRef = 98F11305283F27C000009232 /* Observable.swift */; };
		B5093530283DCB490017C8E0 /* PositionSearchViewController.swift in Sources */ = {isa = PBXBuildFile; fileRef = B509352F283DCB490017C8E0 /* PositionSearchViewController.swift */; };
		B5093539283E12D70017C8E0 /* RoomPositionCategory.swift in Sources */ = {isa = PBXBuildFile; fileRef = B5093538283E12D70017C8E0 /* RoomPositionCategory.swift */; };
		B509353B283F68C50017C8E0 /* ConditionSettingViewController.swift in Sources */ = {isa = PBXBuildFile; fileRef = B509353A283F68C50017C8E0 /* ConditionSettingViewController.swift */; };
		B5093544283FD3F90017C8E0 /* ConditionSettingTableViewCell.swift in Sources */ = {isa = PBXBuildFile; fileRef = B5093543283FD3F90017C8E0 /* ConditionSettingTableViewCell.swift */; };
		B5093546283FD50D0017C8E0 /* ConditionCategory.swift in Sources */ = {isa = PBXBuildFile; fileRef = B5093545283FD50D0017C8E0 /* ConditionCategory.swift */; };
		B5093548283FEA200017C8E0 /* ConditionSettingTableViewDataSource.swift in Sources */ = {isa = PBXBuildFile; fileRef = B5093547283FEA200017C8E0 /* ConditionSettingTableViewDataSource.swift */; };
		B570BC53283FF97C008BBC79 /* MapViewController.swift in Sources */ = {isa = PBXBuildFile; fileRef = B570BC52283FF97C008BBC79 /* MapViewController.swift */; };
		B5E098E928406B8D00A69BDF /* PrivateStorage.swift in Sources */ = {isa = PBXBuildFile; fileRef = B5E098E828406B8D00A69BDF /* PrivateStorage.swift */; };
		B8F22F16D6A74B2E79A1AB68 /* Pods_AirbnbTests.framework in Frameworks */ = {isa = PBXBuildFile; fileRef = 0CA6B6A2DF8511623B1A7059 /* Pods_AirbnbTests.framework */; };
/* End PBXBuildFile section */

/* Begin PBXContainerItemProxy section */
		98593E11283CC75D00B28960 /* PBXContainerItemProxy */ = {
			isa = PBXContainerItemProxy;
			containerPortal = 98593DF2283CC75C00B28960 /* Project object */;
			proxyType = 1;
			remoteGlobalIDString = 98593DF9283CC75C00B28960;
			remoteInfo = Airbnb;
		};
		98593E1B283CC75D00B28960 /* PBXContainerItemProxy */ = {
			isa = PBXContainerItemProxy;
			containerPortal = 98593DF2283CC75C00B28960 /* Project object */;
			proxyType = 1;
			remoteGlobalIDString = 98593DF9283CC75C00B28960;
			remoteInfo = Airbnb;
		};
/* End PBXContainerItemProxy section */

/* Begin PBXFileReference section */
		0CA6B6A2DF8511623B1A7059 /* Pods_AirbnbTests.framework */ = {isa = PBXFileReference; explicitFileType = wrapper.framework; includeInIndex = 0; path = Pods_AirbnbTests.framework; sourceTree = BUILT_PRODUCTS_DIR; };
		23E50ABD7A1410A0653E5928 /* Pods-Airbnb-AirbnbUITests.debug.xcconfig */ = {isa = PBXFileReference; includeInIndex = 1; lastKnownFileType = text.xcconfig; name = "Pods-Airbnb-AirbnbUITests.debug.xcconfig"; path = "Target Support Files/Pods-Airbnb-AirbnbUITests/Pods-Airbnb-AirbnbUITests.debug.xcconfig"; sourceTree = "<group>"; };
		3CC1E133B9F1D8CF1859B8D0 /* Pods_Airbnb.framework */ = {isa = PBXFileReference; explicitFileType = wrapper.framework; includeInIndex = 0; path = Pods_Airbnb.framework; sourceTree = BUILT_PRODUCTS_DIR; };
		54E47D54C555F8528176E246 /* Pods-AirbnbTests.release.xcconfig */ = {isa = PBXFileReference; includeInIndex = 1; lastKnownFileType = text.xcconfig; name = "Pods-AirbnbTests.release.xcconfig"; path = "Target Support Files/Pods-AirbnbTests/Pods-AirbnbTests.release.xcconfig"; sourceTree = "<group>"; };
		961C633AEAC04338E9FA3D24 /* Pods-AirbnbTests.debug.xcconfig */ = {isa = PBXFileReference; includeInIndex = 1; lastKnownFileType = text.xcconfig; name = "Pods-AirbnbTests.debug.xcconfig"; path = "Target Support Files/Pods-AirbnbTests/Pods-AirbnbTests.debug.xcconfig"; sourceTree = "<group>"; };
		982F76542844B5A800DF8523 /* ConfigProperty.plist */ = {isa = PBXFileReference; lastKnownFileType = text.plist.xml; path = ConfigProperty.plist; sourceTree = "<group>"; };
		982F76582844BE5900DF8523 /* AccomodationDetailViewController.swift */ = {isa = PBXFileReference; lastKnownFileType = sourcecode.swift; path = AccomodationDetailViewController.swift; sourceTree = "<group>"; };
		982F765B2844C33F00DF8523 /* NetworkHandler.swift */ = {isa = PBXFileReference; lastKnownFileType = sourcecode.swift; path = NetworkHandler.swift; sourceTree = "<group>"; };
		983A6002283F468D00DDB517 /* PositionSearchModelTest.swift */ = {isa = PBXFileReference; lastKnownFileType = sourcecode.swift; path = PositionSearchModelTest.swift; sourceTree = "<group>"; };
		983A6004283F6CF600DDB517 /* PositionSearchFactory.swift */ = {isa = PBXFileReference; lastKnownFileType = sourcecode.swift; path = PositionSearchFactory.swift; sourceTree = "<group>"; };
		98593DFA283CC75C00B28960 /* Airbnb.app */ = {isa = PBXFileReference; explicitFileType = wrapper.application; includeInIndex = 0; path = Airbnb.app; sourceTree = BUILT_PRODUCTS_DIR; };
		98593DFD283CC75C00B28960 /* AppDelegate.swift */ = {isa = PBXFileReference; lastKnownFileType = sourcecode.swift; path = AppDelegate.swift; sourceTree = "<group>"; };
		98593DFF283CC75C00B28960 /* SceneDelegate.swift */ = {isa = PBXFileReference; lastKnownFileType = sourcecode.swift; path = SceneDelegate.swift; sourceTree = "<group>"; };
		98593E01283CC75C00B28960 /* HomeViewController.swift */ = {isa = PBXFileReference; lastKnownFileType = sourcecode.swift; path = HomeViewController.swift; sourceTree = "<group>"; };
		98593E06283CC75D00B28960 /* Assets.xcassets */ = {isa = PBXFileReference; lastKnownFileType = folder.assetcatalog; path = Assets.xcassets; sourceTree = "<group>"; };
		98593E09283CC75D00B28960 /* Base */ = {isa = PBXFileReference; lastKnownFileType = file.storyboard; name = Base; path = Base.lproj/LaunchScreen.storyboard; sourceTree = "<group>"; };
		98593E0B283CC75D00B28960 /* Info.plist */ = {isa = PBXFileReference; lastKnownFileType = text.plist.xml; path = Info.plist; sourceTree = "<group>"; };
		98593E10283CC75D00B28960 /* AirbnbTests.xctest */ = {isa = PBXFileReference; explicitFileType = wrapper.cfbundle; includeInIndex = 0; path = AirbnbTests.xctest; sourceTree = BUILT_PRODUCTS_DIR; };
		98593E14283CC75D00B28960 /* AirbnbTests.swift */ = {isa = PBXFileReference; lastKnownFileType = sourcecode.swift; path = AirbnbTests.swift; sourceTree = "<group>"; };
		98593E1A283CC75D00B28960 /* AirbnbUITests.xctest */ = {isa = PBXFileReference; explicitFileType = wrapper.cfbundle; includeInIndex = 0; path = AirbnbUITests.xctest; sourceTree = BUILT_PRODUCTS_DIR; };
		98593E1E283CC75D00B28960 /* AirbnbUITests.swift */ = {isa = PBXFileReference; lastKnownFileType = sourcecode.swift; path = AirbnbUITests.swift; sourceTree = "<group>"; };
		98593E20283CC75D00B28960 /* AirbnbUITestsLaunchTests.swift */ = {isa = PBXFileReference; lastKnownFileType = sourcecode.swift; path = AirbnbUITestsLaunchTests.swift; sourceTree = "<group>"; };
		986B0059283F86C2008E3EEB /* AccomodationListViewController.swift */ = {isa = PBXFileReference; lastKnownFileType = sourcecode.swift; path = AccomodationListViewController.swift; sourceTree = "<group>"; };
		98E0C686283DF8DA00C5BDF9 /* RoomPosition.swift */ = {isa = PBXFileReference; lastKnownFileType = sourcecode.swift; path = RoomPosition.swift; sourceTree = "<group>"; };
		98F11302283F11B700009232 /* PositionSearchModel.swift */ = {isa = PBXFileReference; lastKnownFileType = sourcecode.swift; path = PositionSearchModel.swift; sourceTree = "<group>"; };
		98F11305283F27C000009232 /* Observable.swift */ = {isa = PBXFileReference; lastKnownFileType = sourcecode.swift; path = Observable.swift; sourceTree = "<group>"; };
		B509352F283DCB490017C8E0 /* PositionSearchViewController.swift */ = {isa = PBXFileReference; lastKnownFileType = sourcecode.swift; path = PositionSearchViewController.swift; sourceTree = "<group>"; };
		B5093538283E12D70017C8E0 /* RoomPositionCategory.swift */ = {isa = PBXFileReference; lastKnownFileType = sourcecode.swift; path = RoomPositionCategory.swift; sourceTree = "<group>"; };
		B509353A283F68C50017C8E0 /* ConditionSettingViewController.swift */ = {isa = PBXFileReference; lastKnownFileType = sourcecode.swift; path = ConditionSettingViewController.swift; sourceTree = "<group>"; };
		B5093543283FD3F90017C8E0 /* ConditionSettingTableViewCell.swift */ = {isa = PBXFileReference; lastKnownFileType = sourcecode.swift; path = ConditionSettingTableViewCell.swift; sourceTree = "<group>"; };
		B5093545283FD50D0017C8E0 /* ConditionCategory.swift */ = {isa = PBXFileReference; lastKnownFileType = sourcecode.swift; path = ConditionCategory.swift; sourceTree = "<group>"; };
		B5093547283FEA200017C8E0 /* ConditionSettingTableViewDataSource.swift */ = {isa = PBXFileReference; lastKnownFileType = sourcecode.swift; path = ConditionSettingTableViewDataSource.swift; sourceTree = "<group>"; };
		B570BC52283FF97C008BBC79 /* MapViewController.swift */ = {isa = PBXFileReference; lastKnownFileType = sourcecode.swift; path = MapViewController.swift; sourceTree = "<group>"; };
		B5E098E828406B8D00A69BDF /* PrivateStorage.swift */ = {isa = PBXFileReference; lastKnownFileType = sourcecode.swift; path = PrivateStorage.swift; sourceTree = "<group>"; };
		B8C1C869B0BC716E37E2003A /* Pods_Airbnb_AirbnbUITests.framework */ = {isa = PBXFileReference; explicitFileType = wrapper.framework; includeInIndex = 0; path = Pods_Airbnb_AirbnbUITests.framework; sourceTree = BUILT_PRODUCTS_DIR; };
		BEFEE1A5F46310189AB0CFE3 /* Pods-Airbnb.debug.xcconfig */ = {isa = PBXFileReference; includeInIndex = 1; lastKnownFileType = text.xcconfig; name = "Pods-Airbnb.debug.xcconfig"; path = "Target Support Files/Pods-Airbnb/Pods-Airbnb.debug.xcconfig"; sourceTree = "<group>"; };
		F34848F1544D419C3DAB23FB /* Pods-Airbnb-AirbnbUITests.release.xcconfig */ = {isa = PBXFileReference; includeInIndex = 1; lastKnownFileType = text.xcconfig; name = "Pods-Airbnb-AirbnbUITests.release.xcconfig"; path = "Target Support Files/Pods-Airbnb-AirbnbUITests/Pods-Airbnb-AirbnbUITests.release.xcconfig"; sourceTree = "<group>"; };
		FF875854D5DE14A5E117EF9F /* Pods-Airbnb.release.xcconfig */ = {isa = PBXFileReference; includeInIndex = 1; lastKnownFileType = text.xcconfig; name = "Pods-Airbnb.release.xcconfig"; path = "Target Support Files/Pods-Airbnb/Pods-Airbnb.release.xcconfig"; sourceTree = "<group>"; };
/* End PBXFileReference section */

/* Begin PBXFrameworksBuildPhase section */
		98593DF7283CC75C00B28960 /* Frameworks */ = {
			isa = PBXFrameworksBuildPhase;
			buildActionMask = 2147483647;
			files = (
				0EC21F4C5D33C39B97587978 /* Pods_Airbnb.framework in Frameworks */,
			);
			runOnlyForDeploymentPostprocessing = 0;
		};
		98593E0D283CC75D00B28960 /* Frameworks */ = {
			isa = PBXFrameworksBuildPhase;
			buildActionMask = 2147483647;
			files = (
				B8F22F16D6A74B2E79A1AB68 /* Pods_AirbnbTests.framework in Frameworks */,
			);
			runOnlyForDeploymentPostprocessing = 0;
		};
		98593E17283CC75D00B28960 /* Frameworks */ = {
			isa = PBXFrameworksBuildPhase;
			buildActionMask = 2147483647;
			files = (
				33D6A8E53BA7E69CBCB5293A /* Pods_Airbnb_AirbnbUITests.framework in Frameworks */,
			);
			runOnlyForDeploymentPostprocessing = 0;
		};
/* End PBXFrameworksBuildPhase section */

/* Begin PBXGroup section */
		9804C570592DDE893CEAA804 /* Pods */ = {
			isa = PBXGroup;
			children = (
				BEFEE1A5F46310189AB0CFE3 /* Pods-Airbnb.debug.xcconfig */,
				FF875854D5DE14A5E117EF9F /* Pods-Airbnb.release.xcconfig */,
				23E50ABD7A1410A0653E5928 /* Pods-Airbnb-AirbnbUITests.debug.xcconfig */,
				F34848F1544D419C3DAB23FB /* Pods-Airbnb-AirbnbUITests.release.xcconfig */,
				961C633AEAC04338E9FA3D24 /* Pods-AirbnbTests.debug.xcconfig */,
				54E47D54C555F8528176E246 /* Pods-AirbnbTests.release.xcconfig */,
			);
			path = Pods;
			sourceTree = "<group>";
		};
		982F76562844BD5700DF8523 /* AccomodationDetail */ = {
			isa = PBXGroup;
			children = (
				982F76582844BE5900DF8523 /* AccomodationDetailViewController.swift */,
			);
			path = AccomodationDetail;
			sourceTree = "<group>";
		};
		982F76572844BDAA00DF8523 /* ExtraSearch */ = {
			isa = PBXGroup;
			children = (
				B509353A283F68C50017C8E0 /* ConditionSettingViewController.swift */,
				B5093543283FD3F90017C8E0 /* ConditionSettingTableViewCell.swift */,
				B5093547283FEA200017C8E0 /* ConditionSettingTableViewDataSource.swift */,
				B5093545283FD50D0017C8E0 /* ConditionCategory.swift */,
			);
			path = ExtraSearch;
			sourceTree = "<group>";
		};
		982F765A2844C30E00DF8523 /* Server */ = {
			isa = PBXGroup;
			children = (
				982F765B2844C33F00DF8523 /* NetworkHandler.swift */,
			);
			path = Server;
			sourceTree = "<group>";
		};
		98593DF1283CC75C00B28960 = {
			isa = PBXGroup;
			children = (
				982F76542844B5A800DF8523 /* ConfigProperty.plist */,
				98593DFC283CC75C00B28960 /* Airbnb */,
				98593E13283CC75D00B28960 /* AirbnbTests */,
				98593E1D283CC75D00B28960 /* AirbnbUITests */,
				98593DFB283CC75C00B28960 /* Products */,
				9804C570592DDE893CEAA804 /* Pods */,
				ADC22DF6ECAEBC6472DDD6C6 /* Frameworks */,
			);
			sourceTree = "<group>";
		};
		98593DFB283CC75C00B28960 /* Products */ = {
			isa = PBXGroup;
			children = (
				98593DFA283CC75C00B28960 /* Airbnb.app */,
				98593E10283CC75D00B28960 /* AirbnbTests.xctest */,
				98593E1A283CC75D00B28960 /* AirbnbUITests.xctest */,
			);
			name = Products;
			sourceTree = "<group>";
		};
		98593DFC283CC75C00B28960 /* Airbnb */ = {
			isa = PBXGroup;
			children = (
				982F765A2844C30E00DF8523 /* Server */,
				982F76572844BDAA00DF8523 /* ExtraSearch */,
				982F76562844BD5700DF8523 /* AccomodationDetail */,
				B576AE0E28406ECA00B21D80 /* Home */,
				B576AE0D28406EAB00B21D80 /* Supportings */,
				B576AE0C28406E9600B21D80 /* AccomodationList */,
				B576AE0B28406E6600B21D80 /* PositionSearch */,
				98F11304283F27B200009232 /* Common */,
				98E0C688283DFAB000C5BDF9 /* Entity */,
				98593E06283CC75D00B28960 /* Assets.xcassets */,
				98593E08283CC75D00B28960 /* LaunchScreen.storyboard */,
				98593E0B283CC75D00B28960 /* Info.plist */,
				B5E098E828406B8D00A69BDF /* PrivateStorage.swift */,
			);
			path = Airbnb;
			sourceTree = "<group>";
		};
		98593E13283CC75D00B28960 /* AirbnbTests */ = {
			isa = PBXGroup;
			children = (
				98593E14283CC75D00B28960 /* AirbnbTests.swift */,
				983A6002283F468D00DDB517 /* PositionSearchModelTest.swift */,
			);
			path = AirbnbTests;
			sourceTree = "<group>";
		};
		98593E1D283CC75D00B28960 /* AirbnbUITests */ = {
			isa = PBXGroup;
			children = (
				98593E1E283CC75D00B28960 /* AirbnbUITests.swift */,
				98593E20283CC75D00B28960 /* AirbnbUITestsLaunchTests.swift */,
			);
			path = AirbnbUITests;
			sourceTree = "<group>";
		};
		98E0C688283DFAB000C5BDF9 /* Entity */ = {
			isa = PBXGroup;
			children = (
				98E0C686283DF8DA00C5BDF9 /* RoomPosition.swift */,
				B5093538283E12D70017C8E0 /* RoomPositionCategory.swift */,
			);
			path = Entity;
			sourceTree = "<group>";
		};
		98F11304283F27B200009232 /* Common */ = {
			isa = PBXGroup;
			children = (
				98F11305283F27C000009232 /* Observable.swift */,
			);
			path = Common;
			sourceTree = "<group>";
		};
		ADC22DF6ECAEBC6472DDD6C6 /* Frameworks */ = {
			isa = PBXGroup;
			children = (
				3CC1E133B9F1D8CF1859B8D0 /* Pods_Airbnb.framework */,
				B8C1C869B0BC716E37E2003A /* Pods_Airbnb_AirbnbUITests.framework */,
				0CA6B6A2DF8511623B1A7059 /* Pods_AirbnbTests.framework */,
			);
			name = Frameworks;
			sourceTree = "<group>";
		};
		B576AE0B28406E6600B21D80 /* PositionSearch */ = {
			isa = PBXGroup;
			children = (
				B509352F283DCB490017C8E0 /* PositionSearchViewController.swift */,
				98F11302283F11B700009232 /* PositionSearchModel.swift */,
				983A6004283F6CF600DDB517 /* PositionSearchFactory.swift */,
			);
			path = PositionSearch;
			sourceTree = "<group>";
		};
		B576AE0C28406E9600B21D80 /* AccomodationList */ = {
			isa = PBXGroup;
			children = (
				B570BC52283FF97C008BBC79 /* MapViewController.swift */,
				986B0059283F86C2008E3EEB /* AccomodationListViewController.swift */,
			);
			path = AccomodationList;
			sourceTree = "<group>";
		};
		B576AE0D28406EAB00B21D80 /* Supportings */ = {
			isa = PBXGroup;
			children = (
				98593DFD283CC75C00B28960 /* AppDelegate.swift */,
				98593DFF283CC75C00B28960 /* SceneDelegate.swift */,
			);
			path = Supportings;
			sourceTree = "<group>";
		};
		B576AE0E28406ECA00B21D80 /* Home */ = {
			isa = PBXGroup;
			children = (
				98593E01283CC75C00B28960 /* HomeViewController.swift */,
			);
			path = Home;
			sourceTree = "<group>";
		};
/* End PBXGroup section */

/* Begin PBXNativeTarget section */
		98593DF9283CC75C00B28960 /* Airbnb */ = {
			isa = PBXNativeTarget;
			buildConfigurationList = 98593E24283CC75D00B28960 /* Build configuration list for PBXNativeTarget "Airbnb" */;
			buildPhases = (
				70753A8212A93FC107948031 /* [CP] Check Pods Manifest.lock */,
				98593DF6283CC75C00B28960 /* Sources */,
				98593DF7283CC75C00B28960 /* Frameworks */,
				98593DF8283CC75C00B28960 /* Resources */,
				E021B2C735E93F059E107233 /* [CP] Copy Pods Resources */,
				B596162F2844617D00F2C30C /* ShellScript */,
				2D15877A2DDDB1FB8B0EFD93 /* [CP] Embed Pods Frameworks */,
			);
			buildRules = (
			);
			dependencies = (
			);
			name = Airbnb;
			productName = Airbnb;
			productReference = 98593DFA283CC75C00B28960 /* Airbnb.app */;
			productType = "com.apple.product-type.application";
		};
		98593E0F283CC75D00B28960 /* AirbnbTests */ = {
			isa = PBXNativeTarget;
			buildConfigurationList = 98593E27283CC75D00B28960 /* Build configuration list for PBXNativeTarget "AirbnbTests" */;
			buildPhases = (
				22D3CB255FF7937BC746EC6D /* [CP] Check Pods Manifest.lock */,
				98593E0C283CC75D00B28960 /* Sources */,
				98593E0D283CC75D00B28960 /* Frameworks */,
				98593E0E283CC75D00B28960 /* Resources */,
			);
			buildRules = (
			);
			dependencies = (
				98593E12283CC75D00B28960 /* PBXTargetDependency */,
			);
			name = AirbnbTests;
			productName = AirbnbTests;
			productReference = 98593E10283CC75D00B28960 /* AirbnbTests.xctest */;
			productType = "com.apple.product-type.bundle.unit-test";
		};
		98593E19283CC75D00B28960 /* AirbnbUITests */ = {
			isa = PBXNativeTarget;
			buildConfigurationList = 98593E2A283CC75D00B28960 /* Build configuration list for PBXNativeTarget "AirbnbUITests" */;
			buildPhases = (
				5F20EC6ED7B49A5968279C37 /* [CP] Check Pods Manifest.lock */,
				98593E16283CC75D00B28960 /* Sources */,
				98593E17283CC75D00B28960 /* Frameworks */,
				98593E18283CC75D00B28960 /* Resources */,
				BCE5780625BE7E6E2FEA5638 /* [CP] Copy Pods Resources */,
				4DC5B074B86C47A6F0864809 /* [CP] Embed Pods Frameworks */,
			);
			buildRules = (
			);
			dependencies = (
				98593E1C283CC75D00B28960 /* PBXTargetDependency */,
			);
			name = AirbnbUITests;
			productName = AirbnbUITests;
			productReference = 98593E1A283CC75D00B28960 /* AirbnbUITests.xctest */;
			productType = "com.apple.product-type.bundle.ui-testing";
		};
/* End PBXNativeTarget section */

/* Begin PBXProject section */
		98593DF2283CC75C00B28960 /* Project object */ = {
			isa = PBXProject;
			attributes = {
				BuildIndependentTargetsInParallel = 1;
				LastSwiftUpdateCheck = 1330;
				LastUpgradeCheck = 1330;
				TargetAttributes = {
					98593DF9283CC75C00B28960 = {
						CreatedOnToolsVersion = 13.3;
					};
					98593E0F283CC75D00B28960 = {
						CreatedOnToolsVersion = 13.3;
						TestTargetID = 98593DF9283CC75C00B28960;
					};
					98593E19283CC75D00B28960 = {
						CreatedOnToolsVersion = 13.3;
						TestTargetID = 98593DF9283CC75C00B28960;
					};
				};
			};
			buildConfigurationList = 98593DF5283CC75C00B28960 /* Build configuration list for PBXProject "Airbnb" */;
			compatibilityVersion = "Xcode 13.0";
			developmentRegion = en;
			hasScannedForEncodings = 0;
			knownRegions = (
				en,
				Base,
			);
			mainGroup = 98593DF1283CC75C00B28960;
			productRefGroup = 98593DFB283CC75C00B28960 /* Products */;
			projectDirPath = "";
			projectRoot = "";
			targets = (
				98593DF9283CC75C00B28960 /* Airbnb */,
				98593E0F283CC75D00B28960 /* AirbnbTests */,
				98593E19283CC75D00B28960 /* AirbnbUITests */,
			);
		};
/* End PBXProject section */

/* Begin PBXResourcesBuildPhase section */
		98593DF8283CC75C00B28960 /* Resources */ = {
			isa = PBXResourcesBuildPhase;
			buildActionMask = 2147483647;
			files = (
				982F76552844B5A800DF8523 /* ConfigProperty.plist in Resources */,
				98593E0A283CC75D00B28960 /* LaunchScreen.storyboard in Resources */,
				98593E07283CC75D00B28960 /* Assets.xcassets in Resources */,
			);
			runOnlyForDeploymentPostprocessing = 0;
		};
		98593E0E283CC75D00B28960 /* Resources */ = {
			isa = PBXResourcesBuildPhase;
			buildActionMask = 2147483647;
			files = (
			);
			runOnlyForDeploymentPostprocessing = 0;
		};
		98593E18283CC75D00B28960 /* Resources */ = {
			isa = PBXResourcesBuildPhase;
			buildActionMask = 2147483647;
			files = (
			);
			runOnlyForDeploymentPostprocessing = 0;
		};
/* End PBXResourcesBuildPhase section */

/* Begin PBXShellScriptBuildPhase section */
		22D3CB255FF7937BC746EC6D /* [CP] Check Pods Manifest.lock */ = {
			isa = PBXShellScriptBuildPhase;
			buildActionMask = 2147483647;
			files = (
			);
			inputFileListPaths = (
			);
			inputPaths = (
				"${PODS_PODFILE_DIR_PATH}/Podfile.lock",
				"${PODS_ROOT}/Manifest.lock",
			);
			name = "[CP] Check Pods Manifest.lock";
			outputFileListPaths = (
			);
			outputPaths = (
				"$(DERIVED_FILE_DIR)/Pods-AirbnbTests-checkManifestLockResult.txt",
			);
			runOnlyForDeploymentPostprocessing = 0;
			shellPath = /bin/sh;
			shellScript = "diff \"${PODS_PODFILE_DIR_PATH}/Podfile.lock\" \"${PODS_ROOT}/Manifest.lock\" > /dev/null\nif [ $? != 0 ] ; then\n    # print error to STDERR\n    echo \"error: The sandbox is not in sync with the Podfile.lock. Run 'pod install' or update your CocoaPods installation.\" >&2\n    exit 1\nfi\n# This output is used by Xcode 'outputs' to avoid re-running this script phase.\necho \"SUCCESS\" > \"${SCRIPT_OUTPUT_FILE_0}\"\n";
			showEnvVarsInLog = 0;
		};
		2D15877A2DDDB1FB8B0EFD93 /* [CP] Embed Pods Frameworks */ = {
			isa = PBXShellScriptBuildPhase;
			buildActionMask = 2147483647;
			files = (
			);
			inputFileListPaths = (
				"${PODS_ROOT}/Target Support Files/Pods-Airbnb/Pods-Airbnb-frameworks-${CONFIGURATION}-input-files.xcfilelist",
			);
			name = "[CP] Embed Pods Frameworks";
			outputFileListPaths = (
				"${PODS_ROOT}/Target Support Files/Pods-Airbnb/Pods-Airbnb-frameworks-${CONFIGURATION}-output-files.xcfilelist",
			);
			runOnlyForDeploymentPostprocessing = 0;
			shellPath = /bin/sh;
			shellScript = "\"${PODS_ROOT}/Target Support Files/Pods-Airbnb/Pods-Airbnb-frameworks.sh\"\n";
			showEnvVarsInLog = 0;
		};
		4DC5B074B86C47A6F0864809 /* [CP] Embed Pods Frameworks */ = {
			isa = PBXShellScriptBuildPhase;
			buildActionMask = 2147483647;
			files = (
			);
			inputFileListPaths = (
				"${PODS_ROOT}/Target Support Files/Pods-Airbnb-AirbnbUITests/Pods-Airbnb-AirbnbUITests-frameworks-${CONFIGURATION}-input-files.xcfilelist",
			);
			name = "[CP] Embed Pods Frameworks";
			outputFileListPaths = (
				"${PODS_ROOT}/Target Support Files/Pods-Airbnb-AirbnbUITests/Pods-Airbnb-AirbnbUITests-frameworks-${CONFIGURATION}-output-files.xcfilelist",
			);
			runOnlyForDeploymentPostprocessing = 0;
			shellPath = /bin/sh;
			shellScript = "\"${PODS_ROOT}/Target Support Files/Pods-Airbnb-AirbnbUITests/Pods-Airbnb-AirbnbUITests-frameworks.sh\"\n";
			showEnvVarsInLog = 0;
		};
		5F20EC6ED7B49A5968279C37 /* [CP] Check Pods Manifest.lock */ = {
			isa = PBXShellScriptBuildPhase;
			buildActionMask = 2147483647;
			files = (
			);
			inputFileListPaths = (
			);
			inputPaths = (
				"${PODS_PODFILE_DIR_PATH}/Podfile.lock",
				"${PODS_ROOT}/Manifest.lock",
			);
			name = "[CP] Check Pods Manifest.lock";
			outputFileListPaths = (
			);
			outputPaths = (
				"$(DERIVED_FILE_DIR)/Pods-Airbnb-AirbnbUITests-checkManifestLockResult.txt",
			);
			runOnlyForDeploymentPostprocessing = 0;
			shellPath = /bin/sh;
			shellScript = "diff \"${PODS_PODFILE_DIR_PATH}/Podfile.lock\" \"${PODS_ROOT}/Manifest.lock\" > /dev/null\nif [ $? != 0 ] ; then\n    # print error to STDERR\n    echo \"error: The sandbox is not in sync with the Podfile.lock. Run 'pod install' or update your CocoaPods installation.\" >&2\n    exit 1\nfi\n# This output is used by Xcode 'outputs' to avoid re-running this script phase.\necho \"SUCCESS\" > \"${SCRIPT_OUTPUT_FILE_0}\"\n";
			showEnvVarsInLog = 0;
		};
		70753A8212A93FC107948031 /* [CP] Check Pods Manifest.lock */ = {
			isa = PBXShellScriptBuildPhase;
			buildActionMask = 2147483647;
			files = (
			);
			inputFileListPaths = (
			);
			inputPaths = (
				"${PODS_PODFILE_DIR_PATH}/Podfile.lock",
				"${PODS_ROOT}/Manifest.lock",
			);
			name = "[CP] Check Pods Manifest.lock";
			outputFileListPaths = (
			);
			outputPaths = (
				"$(DERIVED_FILE_DIR)/Pods-Airbnb-checkManifestLockResult.txt",
			);
			runOnlyForDeploymentPostprocessing = 0;
			shellPath = /bin/sh;
			shellScript = "diff \"${PODS_PODFILE_DIR_PATH}/Podfile.lock\" \"${PODS_ROOT}/Manifest.lock\" > /dev/null\nif [ $? != 0 ] ; then\n    # print error to STDERR\n    echo \"error: The sandbox is not in sync with the Podfile.lock. Run 'pod install' or update your CocoaPods installation.\" >&2\n    exit 1\nfi\n# This output is used by Xcode 'outputs' to avoid re-running this script phase.\necho \"SUCCESS\" > \"${SCRIPT_OUTPUT_FILE_0}\"\n";
			showEnvVarsInLog = 0;
		};
		B596162F2844617D00F2C30C /* ShellScript */ = {
			isa = PBXShellScriptBuildPhase;
			buildActionMask = 2147483647;
			files = (
			);
			inputFileListPaths = (
			);
			inputPaths = (
			);
			outputFileListPaths = (
			);
			outputPaths = (
			);
			runOnlyForDeploymentPostprocessing = 0;
			shellPath = /bin/sh;
			shellScript = "# Type a script or drag a script file from your workspace to insert its path.\n${PODS_ROOT}/SwiftLint/swiftlint\n";
		};
		BCE5780625BE7E6E2FEA5638 /* [CP] Copy Pods Resources */ = {
			isa = PBXShellScriptBuildPhase;
			buildActionMask = 2147483647;
			files = (
			);
			inputFileListPaths = (
				"${PODS_ROOT}/Target Support Files/Pods-Airbnb-AirbnbUITests/Pods-Airbnb-AirbnbUITests-resources-${CONFIGURATION}-input-files.xcfilelist",
			);
			name = "[CP] Copy Pods Resources";
			outputFileListPaths = (
				"${PODS_ROOT}/Target Support Files/Pods-Airbnb-AirbnbUITests/Pods-Airbnb-AirbnbUITests-resources-${CONFIGURATION}-output-files.xcfilelist",
			);
			runOnlyForDeploymentPostprocessing = 0;
			shellPath = /bin/sh;
			shellScript = "\"${PODS_ROOT}/Target Support Files/Pods-Airbnb-AirbnbUITests/Pods-Airbnb-AirbnbUITests-resources.sh\"\n";
			showEnvVarsInLog = 0;
		};
		E021B2C735E93F059E107233 /* [CP] Copy Pods Resources */ = {
			isa = PBXShellScriptBuildPhase;
			buildActionMask = 2147483647;
			files = (
			);
			inputFileListPaths = (
				"${PODS_ROOT}/Target Support Files/Pods-Airbnb/Pods-Airbnb-resources-${CONFIGURATION}-input-files.xcfilelist",
			);
			name = "[CP] Copy Pods Resources";
			outputFileListPaths = (
				"${PODS_ROOT}/Target Support Files/Pods-Airbnb/Pods-Airbnb-resources-${CONFIGURATION}-output-files.xcfilelist",
			);
			runOnlyForDeploymentPostprocessing = 0;
			shellPath = /bin/sh;
			shellScript = "\"${PODS_ROOT}/Target Support Files/Pods-Airbnb/Pods-Airbnb-resources.sh\"\n";
			showEnvVarsInLog = 0;
		};
/* End PBXShellScriptBuildPhase section */

/* Begin PBXSourcesBuildPhase section */
		98593DF6283CC75C00B28960 /* Sources */ = {
			isa = PBXSourcesBuildPhase;
			buildActionMask = 2147483647;
			files = (
				98F11306283F27C000009232 /* Observable.swift in Sources */,
				B509353B283F68C50017C8E0 /* ConditionSettingViewController.swift in Sources */,
				982F76592844BE5900DF8523 /* AccomodationDetailViewController.swift in Sources */,
				B5093546283FD50D0017C8E0 /* ConditionCategory.swift in Sources */,
				98F11303283F11B700009232 /* PositionSearchModel.swift in Sources */,
				986B005A283F86C2008E3EEB /* AccomodationListViewController.swift in Sources */,
				98E0C687283DF8DA00C5BDF9 /* RoomPosition.swift in Sources */,
				B5093539283E12D70017C8E0 /* RoomPositionCategory.swift in Sources */,
				B5093548283FEA200017C8E0 /* ConditionSettingTableViewDataSource.swift in Sources */,
				98593E02283CC75C00B28960 /* HomeViewController.swift in Sources */,
				983A6005283F6CF600DDB517 /* PositionSearchFactory.swift in Sources */,
				98593DFE283CC75C00B28960 /* AppDelegate.swift in Sources */,
				98593E00283CC75C00B28960 /* SceneDelegate.swift in Sources */,
				B5093530283DCB490017C8E0 /* PositionSearchViewController.swift in Sources */,
				B5093544283FD3F90017C8E0 /* ConditionSettingTableViewCell.swift in Sources */,
				B570BC53283FF97C008BBC79 /* MapViewController.swift in Sources */,
				B5E098E928406B8D00A69BDF /* PrivateStorage.swift in Sources */,
				982F765C2844C33F00DF8523 /* NetworkHandler.swift in Sources */,
			);
			runOnlyForDeploymentPostprocessing = 0;
		};
		98593E0C283CC75D00B28960 /* Sources */ = {
			isa = PBXSourcesBuildPhase;
			buildActionMask = 2147483647;
			files = (
				983A6003283F468D00DDB517 /* PositionSearchModelTest.swift in Sources */,
				98593E15283CC75D00B28960 /* AirbnbTests.swift in Sources */,
			);
			runOnlyForDeploymentPostprocessing = 0;
		};
		98593E16283CC75D00B28960 /* Sources */ = {
			isa = PBXSourcesBuildPhase;
			buildActionMask = 2147483647;
			files = (
				98593E21283CC75D00B28960 /* AirbnbUITestsLaunchTests.swift in Sources */,
				98593E1F283CC75D00B28960 /* AirbnbUITests.swift in Sources */,
			);
			runOnlyForDeploymentPostprocessing = 0;
		};
/* End PBXSourcesBuildPhase section */

/* Begin PBXTargetDependency section */
		98593E12283CC75D00B28960 /* PBXTargetDependency */ = {
			isa = PBXTargetDependency;
			target = 98593DF9283CC75C00B28960 /* Airbnb */;
			targetProxy = 98593E11283CC75D00B28960 /* PBXContainerItemProxy */;
		};
		98593E1C283CC75D00B28960 /* PBXTargetDependency */ = {
			isa = PBXTargetDependency;
			target = 98593DF9283CC75C00B28960 /* Airbnb */;
			targetProxy = 98593E1B283CC75D00B28960 /* PBXContainerItemProxy */;
		};
/* End PBXTargetDependency section */

/* Begin PBXVariantGroup section */
		98593E08283CC75D00B28960 /* LaunchScreen.storyboard */ = {
			isa = PBXVariantGroup;
			children = (
				98593E09283CC75D00B28960 /* Base */,
			);
			name = LaunchScreen.storyboard;
			sourceTree = "<group>";
		};
/* End PBXVariantGroup section */

/* Begin XCBuildConfiguration section */
		98593E22283CC75D00B28960 /* Debug */ = {
			isa = XCBuildConfiguration;
			buildSettings = {
				ALWAYS_SEARCH_USER_PATHS = NO;
				CLANG_ANALYZER_NONNULL = YES;
				CLANG_ANALYZER_NUMBER_OBJECT_CONVERSION = YES_AGGRESSIVE;
				CLANG_CXX_LANGUAGE_STANDARD = "gnu++17";
				CLANG_ENABLE_MODULES = YES;
				CLANG_ENABLE_OBJC_ARC = YES;
				CLANG_ENABLE_OBJC_WEAK = YES;
				CLANG_WARN_BLOCK_CAPTURE_AUTORELEASING = YES;
				CLANG_WARN_BOOL_CONVERSION = YES;
				CLANG_WARN_COMMA = YES;
				CLANG_WARN_CONSTANT_CONVERSION = YES;
				CLANG_WARN_DEPRECATED_OBJC_IMPLEMENTATIONS = YES;
				CLANG_WARN_DIRECT_OBJC_ISA_USAGE = YES_ERROR;
				CLANG_WARN_DOCUMENTATION_COMMENTS = YES;
				CLANG_WARN_EMPTY_BODY = YES;
				CLANG_WARN_ENUM_CONVERSION = YES;
				CLANG_WARN_INFINITE_RECURSION = YES;
				CLANG_WARN_INT_CONVERSION = YES;
				CLANG_WARN_NON_LITERAL_NULL_CONVERSION = YES;
				CLANG_WARN_OBJC_IMPLICIT_RETAIN_SELF = YES;
				CLANG_WARN_OBJC_LITERAL_CONVERSION = YES;
				CLANG_WARN_OBJC_ROOT_CLASS = YES_ERROR;
				CLANG_WARN_QUOTED_INCLUDE_IN_FRAMEWORK_HEADER = YES;
				CLANG_WARN_RANGE_LOOP_ANALYSIS = YES;
				CLANG_WARN_STRICT_PROTOTYPES = YES;
				CLANG_WARN_SUSPICIOUS_MOVE = YES;
				CLANG_WARN_UNGUARDED_AVAILABILITY = YES_AGGRESSIVE;
				CLANG_WARN_UNREACHABLE_CODE = YES;
				CLANG_WARN__DUPLICATE_METHOD_MATCH = YES;
				COPY_PHASE_STRIP = NO;
				DEBUG_INFORMATION_FORMAT = dwarf;
				ENABLE_STRICT_OBJC_MSGSEND = YES;
				ENABLE_TESTABILITY = YES;
				"EXCLUDED_ARCHS[sdk=iphonesimulator*]" = arm64;
				GCC_C_LANGUAGE_STANDARD = gnu11;
				GCC_DYNAMIC_NO_PIC = NO;
				GCC_NO_COMMON_BLOCKS = YES;
				GCC_OPTIMIZATION_LEVEL = 0;
				GCC_PREPROCESSOR_DEFINITIONS = (
					"DEBUG=1",
					"$(inherited)",
				);
				GCC_WARN_64_TO_32_BIT_CONVERSION = YES;
				GCC_WARN_ABOUT_RETURN_TYPE = YES_ERROR;
				GCC_WARN_UNDECLARED_SELECTOR = YES;
				GCC_WARN_UNINITIALIZED_AUTOS = YES_AGGRESSIVE;
				GCC_WARN_UNUSED_FUNCTION = YES;
				GCC_WARN_UNUSED_VARIABLE = YES;
				IPHONEOS_DEPLOYMENT_TARGET = 15.4;
				MTL_ENABLE_DEBUG_INFO = INCLUDE_SOURCE;
				MTL_FAST_MATH = YES;
				ONLY_ACTIVE_ARCH = YES;
				SDKROOT = iphoneos;
				SWIFT_ACTIVE_COMPILATION_CONDITIONS = DEBUG;
				SWIFT_OPTIMIZATION_LEVEL = "-Onone";
			};
			name = Debug;
		};
		98593E23283CC75D00B28960 /* Release */ = {
			isa = XCBuildConfiguration;
			buildSettings = {
				ALWAYS_SEARCH_USER_PATHS = NO;
				CLANG_ANALYZER_NONNULL = YES;
				CLANG_ANALYZER_NUMBER_OBJECT_CONVERSION = YES_AGGRESSIVE;
				CLANG_CXX_LANGUAGE_STANDARD = "gnu++17";
				CLANG_ENABLE_MODULES = YES;
				CLANG_ENABLE_OBJC_ARC = YES;
				CLANG_ENABLE_OBJC_WEAK = YES;
				CLANG_WARN_BLOCK_CAPTURE_AUTORELEASING = YES;
				CLANG_WARN_BOOL_CONVERSION = YES;
				CLANG_WARN_COMMA = YES;
				CLANG_WARN_CONSTANT_CONVERSION = YES;
				CLANG_WARN_DEPRECATED_OBJC_IMPLEMENTATIONS = YES;
				CLANG_WARN_DIRECT_OBJC_ISA_USAGE = YES_ERROR;
				CLANG_WARN_DOCUMENTATION_COMMENTS = YES;
				CLANG_WARN_EMPTY_BODY = YES;
				CLANG_WARN_ENUM_CONVERSION = YES;
				CLANG_WARN_INFINITE_RECURSION = YES;
				CLANG_WARN_INT_CONVERSION = YES;
				CLANG_WARN_NON_LITERAL_NULL_CONVERSION = YES;
				CLANG_WARN_OBJC_IMPLICIT_RETAIN_SELF = YES;
				CLANG_WARN_OBJC_LITERAL_CONVERSION = YES;
				CLANG_WARN_OBJC_ROOT_CLASS = YES_ERROR;
				CLANG_WARN_QUOTED_INCLUDE_IN_FRAMEWORK_HEADER = YES;
				CLANG_WARN_RANGE_LOOP_ANALYSIS = YES;
				CLANG_WARN_STRICT_PROTOTYPES = YES;
				CLANG_WARN_SUSPICIOUS_MOVE = YES;
				CLANG_WARN_UNGUARDED_AVAILABILITY = YES_AGGRESSIVE;
				CLANG_WARN_UNREACHABLE_CODE = YES;
				CLANG_WARN__DUPLICATE_METHOD_MATCH = YES;
				COPY_PHASE_STRIP = NO;
				DEBUG_INFORMATION_FORMAT = "dwarf-with-dsym";
				ENABLE_NS_ASSERTIONS = NO;
				ENABLE_STRICT_OBJC_MSGSEND = YES;
				"EXCLUDED_ARCHS[sdk=iphonesimulator*]" = arm64;
				GCC_C_LANGUAGE_STANDARD = gnu11;
				GCC_NO_COMMON_BLOCKS = YES;
				GCC_WARN_64_TO_32_BIT_CONVERSION = YES;
				GCC_WARN_ABOUT_RETURN_TYPE = YES_ERROR;
				GCC_WARN_UNDECLARED_SELECTOR = YES;
				GCC_WARN_UNINITIALIZED_AUTOS = YES_AGGRESSIVE;
				GCC_WARN_UNUSED_FUNCTION = YES;
				GCC_WARN_UNUSED_VARIABLE = YES;
				IPHONEOS_DEPLOYMENT_TARGET = 15.4;
				MTL_ENABLE_DEBUG_INFO = NO;
				MTL_FAST_MATH = YES;
				SDKROOT = iphoneos;
				SWIFT_COMPILATION_MODE = wholemodule;
				SWIFT_OPTIMIZATION_LEVEL = "-O";
				VALIDATE_PRODUCT = YES;
			};
			name = Release;
		};
		98593E25283CC75D00B28960 /* Debug */ = {
			isa = XCBuildConfiguration;
			baseConfigurationReference = BEFEE1A5F46310189AB0CFE3 /* Pods-Airbnb.debug.xcconfig */;
			buildSettings = {
				ASSETCATALOG_COMPILER_APPICON_NAME = AppIcon;
				ASSETCATALOG_COMPILER_GLOBAL_ACCENT_COLOR_NAME = AccentColor;
				CODE_SIGN_STYLE = Automatic;
				CURRENT_PROJECT_VERSION = 1;
				DEVELOPMENT_TEAM = B3PWYBKFUK;
				GENERATE_INFOPLIST_FILE = YES;
				INFOPLIST_FILE = Airbnb/Info.plist;
				INFOPLIST_KEY_UIApplicationSupportsIndirectInputEvents = YES;
				INFOPLIST_KEY_UILaunchStoryboardName = LaunchScreen;
				INFOPLIST_KEY_UISupportedInterfaceOrientations_iPad = "UIInterfaceOrientationPortrait UIInterfaceOrientationPortraitUpsideDown UIInterfaceOrientationLandscapeLeft UIInterfaceOrientationLandscapeRight";
				INFOPLIST_KEY_UISupportedInterfaceOrientations_iPhone = "UIInterfaceOrientationPortrait UIInterfaceOrientationLandscapeLeft UIInterfaceOrientationLandscapeRight";
				IPHONEOS_DEPLOYMENT_TARGET = 14.0;
				LD_RUNPATH_SEARCH_PATHS = (
					"$(inherited)",
					"@executable_path/Frameworks",
				);
				MARKETING_VERSION = 1.0;
				PRODUCT_BUNDLE_IDENTIFIER = com.teamSeven.Airbnb;
				PRODUCT_NAME = "$(TARGET_NAME)";
				SWIFT_EMIT_LOC_STRINGS = YES;
				SWIFT_VERSION = 5.0;
				TARGETED_DEVICE_FAMILY = 1;
			};
			name = Debug;
		};
		98593E26283CC75D00B28960 /* Release */ = {
			isa = XCBuildConfiguration;
			baseConfigurationReference = FF875854D5DE14A5E117EF9F /* Pods-Airbnb.release.xcconfig */;
			buildSettings = {
				ASSETCATALOG_COMPILER_APPICON_NAME = AppIcon;
				ASSETCATALOG_COMPILER_GLOBAL_ACCENT_COLOR_NAME = AccentColor;
				CODE_SIGN_STYLE = Automatic;
				CURRENT_PROJECT_VERSION = 1;
				DEVELOPMENT_TEAM = B3PWYBKFUK;
				GENERATE_INFOPLIST_FILE = YES;
				INFOPLIST_FILE = Airbnb/Info.plist;
				INFOPLIST_KEY_UIApplicationSupportsIndirectInputEvents = YES;
				INFOPLIST_KEY_UILaunchStoryboardName = LaunchScreen;
				INFOPLIST_KEY_UISupportedInterfaceOrientations_iPad = "UIInterfaceOrientationPortrait UIInterfaceOrientationPortraitUpsideDown UIInterfaceOrientationLandscapeLeft UIInterfaceOrientationLandscapeRight";
				INFOPLIST_KEY_UISupportedInterfaceOrientations_iPhone = "UIInterfaceOrientationPortrait UIInterfaceOrientationLandscapeLeft UIInterfaceOrientationLandscapeRight";
				IPHONEOS_DEPLOYMENT_TARGET = 14.0;
				LD_RUNPATH_SEARCH_PATHS = (
					"$(inherited)",
					"@executable_path/Frameworks",
				);
				MARKETING_VERSION = 1.0;
				PRODUCT_BUNDLE_IDENTIFIER = com.teamSeven.Airbnb;
				PRODUCT_NAME = "$(TARGET_NAME)";
				SWIFT_EMIT_LOC_STRINGS = YES;
				SWIFT_VERSION = 5.0;
				TARGETED_DEVICE_FAMILY = 1;
			};
			name = Release;
		};
		98593E28283CC75D00B28960 /* Debug */ = {
			isa = XCBuildConfiguration;
			baseConfigurationReference = 961C633AEAC04338E9FA3D24 /* Pods-AirbnbTests.debug.xcconfig */;
			buildSettings = {
				ALWAYS_EMBED_SWIFT_STANDARD_LIBRARIES = YES;
				BUNDLE_LOADER = "$(TEST_HOST)";
				CODE_SIGN_STYLE = Automatic;
				CURRENT_PROJECT_VERSION = 1;
				GENERATE_INFOPLIST_FILE = YES;
				IPHONEOS_DEPLOYMENT_TARGET = 15.4;
				MARKETING_VERSION = 1.0;
				PRODUCT_BUNDLE_IDENTIFIER = com.teamSeven.AirbnbTests;
				PRODUCT_NAME = "$(TARGET_NAME)";
				SWIFT_EMIT_LOC_STRINGS = NO;
				SWIFT_VERSION = 5.0;
				TARGETED_DEVICE_FAMILY = "1,2";
				TEST_HOST = "$(BUILT_PRODUCTS_DIR)/Airbnb.app/Airbnb";
			};
			name = Debug;
		};
		98593E29283CC75D00B28960 /* Release */ = {
			isa = XCBuildConfiguration;
			baseConfigurationReference = 54E47D54C555F8528176E246 /* Pods-AirbnbTests.release.xcconfig */;
			buildSettings = {
				ALWAYS_EMBED_SWIFT_STANDARD_LIBRARIES = YES;
				BUNDLE_LOADER = "$(TEST_HOST)";
				CODE_SIGN_STYLE = Automatic;
				CURRENT_PROJECT_VERSION = 1;
				GENERATE_INFOPLIST_FILE = YES;
				IPHONEOS_DEPLOYMENT_TARGET = 15.4;
				MARKETING_VERSION = 1.0;
				PRODUCT_BUNDLE_IDENTIFIER = com.teamSeven.AirbnbTests;
				PRODUCT_NAME = "$(TARGET_NAME)";
				SWIFT_EMIT_LOC_STRINGS = NO;
				SWIFT_VERSION = 5.0;
				TARGETED_DEVICE_FAMILY = "1,2";
				TEST_HOST = "$(BUILT_PRODUCTS_DIR)/Airbnb.app/Airbnb";
			};
			name = Release;
		};
		98593E2B283CC75D00B28960 /* Debug */ = {
			isa = XCBuildConfiguration;
			baseConfigurationReference = 23E50ABD7A1410A0653E5928 /* Pods-Airbnb-AirbnbUITests.debug.xcconfig */;
			buildSettings = {
				ALWAYS_EMBED_SWIFT_STANDARD_LIBRARIES = YES;
				CODE_SIGN_STYLE = Automatic;
				CURRENT_PROJECT_VERSION = 1;
				GENERATE_INFOPLIST_FILE = YES;
				MARKETING_VERSION = 1.0;
				PRODUCT_BUNDLE_IDENTIFIER = com.teamSeven.AirbnbUITests;
				PRODUCT_NAME = "$(TARGET_NAME)";
				SWIFT_EMIT_LOC_STRINGS = NO;
				SWIFT_VERSION = 5.0;
				TARGETED_DEVICE_FAMILY = "1,2";
				TEST_TARGET_NAME = Airbnb;
			};
			name = Debug;
		};
		98593E2C283CC75D00B28960 /* Release */ = {
			isa = XCBuildConfiguration;
			baseConfigurationReference = F34848F1544D419C3DAB23FB /* Pods-Airbnb-AirbnbUITests.release.xcconfig */;
			buildSettings = {
				ALWAYS_EMBED_SWIFT_STANDARD_LIBRARIES = YES;
				CODE_SIGN_STYLE = Automatic;
				CURRENT_PROJECT_VERSION = 1;
				GENERATE_INFOPLIST_FILE = YES;
				MARKETING_VERSION = 1.0;
				PRODUCT_BUNDLE_IDENTIFIER = com.teamSeven.AirbnbUITests;
				PRODUCT_NAME = "$(TARGET_NAME)";
				SWIFT_EMIT_LOC_STRINGS = NO;
				SWIFT_VERSION = 5.0;
				TARGETED_DEVICE_FAMILY = "1,2";
				TEST_TARGET_NAME = Airbnb;
			};
			name = Release;
		};
/* End XCBuildConfiguration section */

/* Begin XCConfigurationList section */
		98593DF5283CC75C00B28960 /* Build configuration list for PBXProject "Airbnb" */ = {
			isa = XCConfigurationList;
			buildConfigurations = (
				98593E22283CC75D00B28960 /* Debug */,
				98593E23283CC75D00B28960 /* Release */,
			);
			defaultConfigurationIsVisible = 0;
			defaultConfigurationName = Release;
		};
		98593E24283CC75D00B28960 /* Build configuration list for PBXNativeTarget "Airbnb" */ = {
			isa = XCConfigurationList;
			buildConfigurations = (
				98593E25283CC75D00B28960 /* Debug */,
				98593E26283CC75D00B28960 /* Release */,
			);
			defaultConfigurationIsVisible = 0;
			defaultConfigurationName = Release;
		};
		98593E27283CC75D00B28960 /* Build configuration list for PBXNativeTarget "AirbnbTests" */ = {
			isa = XCConfigurationList;
			buildConfigurations = (
				98593E28283CC75D00B28960 /* Debug */,
				98593E29283CC75D00B28960 /* Release */,
			);
			defaultConfigurationIsVisible = 0;
			defaultConfigurationName = Release;
		};
		98593E2A283CC75D00B28960 /* Build configuration list for PBXNativeTarget "AirbnbUITests" */ = {
			isa = XCConfigurationList;
			buildConfigurations = (
				98593E2B283CC75D00B28960 /* Debug */,
				98593E2C283CC75D00B28960 /* Release */,
			);
			defaultConfigurationIsVisible = 0;
			defaultConfigurationName = Release;
		};
/* End XCConfigurationList section */
	};
	rootObject = 98593DF2283CC75C00B28960 /* Project object */;
}
